
Microsoft Visual Studio Solution File, Format Version 12.00
# Visual Studio Version 16
VisualStudioVersion = 16.0.31410.357
MinimumVisualStudioVersion = 10.0.40219.1
Project("{FAE04EC0-301F-11D3-BF4B-00C04F79EFBC}") = "WorldMVC", "WorldMVC\WorldMVC.csproj", "{D4C28270-B250-456D-9F61-703344C54A03}"
EndProject
Project("{FAE04EC0-301F-11D3-BF4B-00C04F79EFBC}") = "Infrastructure", "Infrastructure\Infrastructure.csproj", "{1CD9872C-8507-4A48-8B97-F546C88553C8}"
EndProject
Project("{FAE04EC0-301F-11D3-BF4B-00C04F79EFBC}") = "DataModel", "DataModel\DataModel.csproj", "{497B37AB-97B6-49A3-BE07-9EAC2F2132BF}"
EndProject
Global
	GlobalSection(SolutionConfigurationPlatforms) = preSolution
		Debug|Any CPU = Debug|Any CPU
		Release|Any CPU = Release|Any CPU
	EndGlobalSection
	GlobalSection(ProjectConfigurationPlatforms) = postSolution
		{D4C28270-B250-456D-9F61-703344C54A03}.Debug|Any CPU.ActiveCfg = Debug|Any CPU
		{D4C28270-B250-456D-9F61-703344C54A03}.Debug|Any CPU.Build.0 = Debug|Any CPU
		{D4C28270-B250-456D-9F61-703344C54A03}.Release|Any CPU.ActiveCfg = Release|Any CPU
		{D4C28270-B250-456D-9F61-703344C54A03}.Release|Any CPU.Build.0 = Release|Any CPU
		{1CD9872C-8507-4A48-8B97-F546C88553C8}.Debug|Any CPU.ActiveCfg = Debug|Any CPU
		{1CD9872C-8507-4A48-8B97-F546C88553C8}.Debug|Any CPU.Build.0 = Debug|Any CPU
		{1CD9872C-8507-4A48-8B97-F546C88553C8}.Release|Any CPU.ActiveCfg = Release|Any CPU
		{1CD9872C-8507-4A48-8B97-F546C88553C8}.Release|Any CPU.Build.0 = Release|Any CPU
		{497B37AB-97B6-49A3-BE07-9EAC2F2132BF}.Debug|Any CPU.ActiveCfg = Debug|Any CPU
		{497B37AB-97B6-49A3-BE07-9EAC2F2132BF}.Debug|Any CPU.Build.0 = Debug|Any CPU
		{497B37AB-97B6-49A3-BE07-9EAC2F2132BF}.Release|Any CPU.ActiveCfg = Release|Any CPU
		{497B37AB-97B6-49A3-BE07-9EAC2F2132BF}.Release|Any CPU.Build.0 = Release|Any CPU
	EndGlobalSection
	GlobalSection(SolutionProperties) = preSolution
		HideSolutionNode = FALSE
	EndGlobalSection
	GlobalSection(ExtensibilityGlobals) = postSolution
		SolutionGuid = {CE4C641B-055F-442B-91E7-2CCD8D5432FB}
	EndGlobalSection
EndGlobal
